
Microsoft Visual Studio Solution File, Format Version 12.00
# Visual Studio 2013
VisualStudioVersion = 12.0.21005.1
MinimumVisualStudioVersion = 10.0.40219.1
Project("{FAE04EC0-301F-11D3-BF4B-00C04F79EFBC}") = "WangHeng.Org.PiCar", "PiCar\WangHeng.Org.PiCar.csproj", "{2226C2DA-8BC6-43A5-8D43-1D58D6F366AB}"
EndProject
Global
	GlobalSection(SolutionConfigurationPlatforms) = preSolution
		Debug|Any CPU = Debug|Any CPU
		Release|Any CPU = Release|Any CPU
	EndGlobalSection
	GlobalSection(ProjectConfigurationPlatforms) = postSolution
		{2226C2DA-8BC6-43A5-8D43-1D58D6F366AB}.Debug|Any CPU.ActiveCfg = Debug|Any CPU
		{2226C2DA-8BC6-43A5-8D43-1D58D6F366AB}.Debug|Any CPU.Build.0 = Debug|Any CPU
		{2226C2DA-8BC6-43A5-8D43-1D58D6F366AB}.Release|Any CPU.ActiveCfg = Release|Any CPU
		{2226C2DA-8BC6-43A5-8D43-1D58D6F366AB}.Release|Any CPU.Build.0 = Release|Any CPU
	EndGlobalSection
	GlobalSection(SolutionProperties) = preSolution
		HideSolutionNode = FALSE
	EndGlobalSection
EndGlobal
